{
  "version": "4",
  "specifiers": {
    "jsr:@std/assert@1": "1.0.8",
    "jsr:@std/internal@^1.0.5": "1.0.5",
    "jsr:@std/path@^1.0.8": "1.0.8",
    "npm:@faker-js/faker@^9.3.0": "9.3.0",
    "npm:@types/node@*": "22.5.4",
    "npm:@types/oracledb@^6.5.2": "6.5.2",
    "npm:cli-progress@^3.12.0": "3.12.0",
    "npm:oracledb@^6.7.0": "6.7.0"
  },
  "jsr": {
    "@std/assert@1.0.8": {
      "integrity": "ebe0bd7eb488ee39686f77003992f389a06c3da1bbd8022184804852b2fa641b",
      "dependencies": [
        "jsr:@std/internal"
      ]
    },
    "@std/internal@1.0.5": {
      "integrity": "54a546004f769c1ac9e025abd15a76b6671ddc9687e2313b67376125650dc7ba"
    },
    "@std/path@1.0.8": {
      "integrity": "548fa456bb6a04d3c1a1e7477986b6cffbce95102d0bb447c67c4ee70e0364be"
    }
  },
  "npm": {
    "@faker-js/faker@9.3.0": {
      "integrity": "sha512-r0tJ3ZOkMd9xsu3VRfqlFR6cz0V/jFYRswAIpC+m/DIfAUXq7g8N7wTAlhSANySXYGKzGryfDXwtwsY8TxEIDw=="
    },
    "@types/node@22.5.4": {
      "integrity": "sha512-FDuKUJQm/ju9fT/SeX/6+gBzoPzlVCzfzmGkwKvRHQVxi4BntVbyIwf6a4Xn62mrvndLiml6z/UBXIdEVjQLXg==",
      "dependencies": [
        "undici-types"
      ]
    },
    "@types/oracledb@6.5.2": {
      "integrity": "sha512-kK1eBS/Adeyis+3OlBDMeQQuasIDLUYXsi2T15ccNJ0iyUpQ4xDF7svFu3+bGVrI0CMBUclPciz+lsQR3JX3TQ==",
      "dependencies": [
        "@types/node"
      ]
    },
    "ansi-regex@5.0.1": {
      "integrity": "sha512-quJQXlTSUGL2LH9SUXo8VwsY4soanhgo6LNSm84E1LBcE8s3O0wpdiRzyR9z/ZZJMlMWv37qOOb9pdJlMUEKFQ=="
    },
    "cli-progress@3.12.0": {
      "integrity": "sha512-tRkV3HJ1ASwm19THiiLIXLO7Im7wlTuKnvkYaTkyoAPefqjNg7W7DHKUlGRxy9vxDvbyCYQkQozvptuMkGCg8A==",
      "dependencies": [
        "string-width"
      ]
    },
    "emoji-regex@8.0.0": {
      "integrity": "sha512-MSjYzcWNOA0ewAHpz0MxpYFvwg6yjy1NG3xteoqz644VCo/RPgnr1/GGt+ic3iJTzQ8Eu3TdM14SawnVUmGE6A=="
    },
    "is-fullwidth-code-point@3.0.0": {
      "integrity": "sha512-zymm5+u+sCsSWyD9qNaejV3DFvhCKclKdizYaJUuHA83RLjb7nSuGnddCHGv0hk+KY7BMAlsWeK4Ueg6EV6XQg=="
    },
    "oracledb@6.7.0": {
      "integrity": "sha512-rmYYFSB4I4TAQeP7zjmNw0xvAWHjcmReAclTVXBc/v7a1E9YiKma8pybMbrnRZHu7+zFSyzFb8oWjK8gfY/kEw=="
    },
    "string-width@4.2.3": {
      "integrity": "sha512-wKyQRQpjJ0sIp62ErSZdGsjMJWsap5oRNihHhu6G7JVO/9jIB6UyevL+tXuOqrng8j/cxKTWyWUwvSTriiZz/g==",
      "dependencies": [
        "emoji-regex",
        "is-fullwidth-code-point",
        "strip-ansi"
      ]
    },
    "strip-ansi@6.0.1": {
      "integrity": "sha512-Y38VPSHcqkFrCpFnQ9vuSXmquuv5oXOKpGeT6aGrr3o3Gc9AlVa6JBfUSOCnbxGGZF+/0ooI7KrPuUSztUdU5A==",
      "dependencies": [
        "ansi-regex"
      ]
    },
    "undici-types@6.19.8": {
      "integrity": "sha512-ve2KP6f/JnbPBFyobGHuerC9g1FYGn/F8n1LWTwNxCEzd6IfqTwUQcNXgEtmmQ6DlRrC1hrSrBnCZPokRrDHjw=="
    }
  },
  "redirects": {
    "https://arweave.net/C67EQ5j7ORcMogTMP8ekCcPuodL7EnrLkj9ctnX4tbY/mod.ts": "https://boxmiq4y7m4rodfcatgd7r5ebhb65ios7mjhvs4sh5olm5pyww3a.arweave.net/C67EQ5j7ORcMogTMP8ekCcPuodL7EnrLkj9ctnX4tbY/mod.ts",
    "https://arweave.net/XEHs860CldW2m8JEd_5lnIbbWQq0fdcI4OkckrVmpyQ/path/mod.ts": "https://lra6z45nakk5lnu3yjchp7tftsdnwwikwr65ocha5eojfnlgu4sa.arweave.net/XEHs860CldW2m8JEd_5lnIbbWQq0fdcI4OkckrVmpyQ/path/mod.ts",
    "https://x.nest.land/dirname@1.1.2/mod.ts": "https://arweave.net/C67EQ5j7ORcMogTMP8ekCcPuodL7EnrLkj9ctnX4tbY/mod.ts",
    "https://x.nest.land/std@0.73.0/path/mod.ts": "https://arweave.net/XEHs860CldW2m8JEd_5lnIbbWQq0fdcI4OkckrVmpyQ/path/mod.ts"
  },
  "remote": {
    "https://boxmiq4y7m4rodfcatgd7r5ebhb65ios7mjhvs4sh5olm5pyww3a.arweave.net/C67EQ5j7ORcMogTMP8ekCcPuodL7EnrLkj9ctnX4tbY/mod.ts": "4029ca6b49da58d262d65f826ba9b3a89cc0b92a94c7220d5feb7bd34e498a54",
    "https://boxmiq4y7m4rodfcatgd7r5ebhb65ios7mjhvs4sh5olm5pyww3a.arweave.net/C67EQ5j7ORcMogTMP8ekCcPuodL7EnrLkj9ctnX4tbY/types.ts": "c1ed1667545bc4b1d69bdb2fc26a5fa8edae3a56e3081209c16a408a322a2319",
    "https://lra6z45nakk5lnu3yjchp7tftsdnwwikwr65ocha5eojfnlgu4sa.arweave.net/XEHs860CldW2m8JEd_5lnIbbWQq0fdcI4OkckrVmpyQ/_util/assert.ts": "e1f76e77c5ccb5a8e0dbbbe6cce3a56d2556c8cb5a9a8802fc9565af72462149",
    "https://lra6z45nakk5lnu3yjchp7tftsdnwwikwr65ocha5eojfnlgu4sa.arweave.net/XEHs860CldW2m8JEd_5lnIbbWQq0fdcI4OkckrVmpyQ/path/_constants.ts": "aba480c4a2c098b6374fdd5951fea13ecc8aaaf8b8aa4dae1871baa50243d676",
    "https://lra6z45nakk5lnu3yjchp7tftsdnwwikwr65ocha5eojfnlgu4sa.arweave.net/XEHs860CldW2m8JEd_5lnIbbWQq0fdcI4OkckrVmpyQ/path/_interface.ts": "67b276380d297a7cedc3c17f7a0bf122edcfc96a3e1f69de06f379d85ba0e2c0",
    "https://lra6z45nakk5lnu3yjchp7tftsdnwwikwr65ocha5eojfnlgu4sa.arweave.net/XEHs860CldW2m8JEd_5lnIbbWQq0fdcI4OkckrVmpyQ/path/_util.ts": "7820a788b35c26dfc27ff329df12507fc0553ae92727009597046f6cf856b4fa",
    "https://lra6z45nakk5lnu3yjchp7tftsdnwwikwr65ocha5eojfnlgu4sa.arweave.net/XEHs860CldW2m8JEd_5lnIbbWQq0fdcI4OkckrVmpyQ/path/common.ts": "e4ec66a7416d56f60331b66e27a8a4f08c7b1cf48e350271cb69754a01cf5c04",
    "https://lra6z45nakk5lnu3yjchp7tftsdnwwikwr65ocha5eojfnlgu4sa.arweave.net/XEHs860CldW2m8JEd_5lnIbbWQq0fdcI4OkckrVmpyQ/path/glob.ts": "54fea22f0f47dee07399d22e18a34a84eaf4b8a3771bbed96db43bbec71ef237",
    "https://lra6z45nakk5lnu3yjchp7tftsdnwwikwr65ocha5eojfnlgu4sa.arweave.net/XEHs860CldW2m8JEd_5lnIbbWQq0fdcI4OkckrVmpyQ/path/mod.ts": "6de8885c2534757097818e302becd1cefcbc4c28ac022cc279e612ee04e8cfd1",
    "https://lra6z45nakk5lnu3yjchp7tftsdnwwikwr65ocha5eojfnlgu4sa.arweave.net/XEHs860CldW2m8JEd_5lnIbbWQq0fdcI4OkckrVmpyQ/path/posix.ts": "7c2539b5d9e22b47f02ccc5b6ef11e3975a5c60f49d2241271eaa5936e6082a0",
    "https://lra6z45nakk5lnu3yjchp7tftsdnwwikwr65ocha5eojfnlgu4sa.arweave.net/XEHs860CldW2m8JEd_5lnIbbWQq0fdcI4OkckrVmpyQ/path/separator.ts": "9dd15d46ff84a16e13554f56af7fee1f85f8d0f379efbbe60ac066a60561f036",
    "https://lra6z45nakk5lnu3yjchp7tftsdnwwikwr65ocha5eojfnlgu4sa.arweave.net/XEHs860CldW2m8JEd_5lnIbbWQq0fdcI4OkckrVmpyQ/path/win32.ts": "47114c941681ecbabab4ec355cb41d525fb5a14175cc47a5c76fdc5eaee2685a"
  },
  "workspace": {
    "dependencies": [
      "jsr:@std/assert@1",
      "jsr:@std/path@^1.0.8",
      "npm:@faker-js/faker@^9.3.0",
      "npm:@types/oracledb@^6.5.2",
      "npm:cli-progress@^3.12.0",
      "npm:oracledb@^6.7.0"
    ]
  }
}
